
Microsoft Visual Studio Solution File, Format Version 12.00
# Visual Studio 15
VisualStudioVersion = 15.0.26228.4
MinimumVisualStudioVersion = 10.0.40219.1
Project("{FAE04EC0-301F-11D3-BF4B-00C04F79EFBC}") = "ElGamal.DAL", "ElGamal.DAL\ElGamal.DAL.csproj", "{83D0B109-68E7-425C-9C7E-D13ABEAAB784}"
EndProject
Project("{FAE04EC0-301F-11D3-BF4B-00C04F79EFBC}") = "ElGamal.BL", "ElGamal.BL\ElGamal.BL.csproj", "{80967FFF-19A6-48A8-B2F8-C4244C026D41}"
EndProject
Project("{FAE04EC0-301F-11D3-BF4B-00C04F79EFBC}") = "ElGamal.API", "ElGamal.API\ElGamal.API.csproj", "{29899C73-201F-4E3D-B11B-5DBBF95A8C41}"
EndProject
Project("{FAE04EC0-301F-11D3-BF4B-00C04F79EFBC}") = "ElGamal.CommonUtilitiess", "ElGamal.CommonUtilitiess\ElGamal.CommonUtilitiess.csproj", "{B1F16CBE-6D99-4A8F-A306-6F770444B87C}"
EndProject
Global
	GlobalSection(SolutionConfigurationPlatforms) = preSolution
		Debug|Any CPU = Debug|Any CPU
		Release|Any CPU = Release|Any CPU
	EndGlobalSection
	GlobalSection(ProjectConfigurationPlatforms) = postSolution
		{83D0B109-68E7-425C-9C7E-D13ABEAAB784}.Debug|Any CPU.ActiveCfg = Debug|Any CPU
		{83D0B109-68E7-425C-9C7E-D13ABEAAB784}.Debug|Any CPU.Build.0 = Debug|Any CPU
		{83D0B109-68E7-425C-9C7E-D13ABEAAB784}.Release|Any CPU.ActiveCfg = Release|Any CPU
		{83D0B109-68E7-425C-9C7E-D13ABEAAB784}.Release|Any CPU.Build.0 = Release|Any CPU
		{80967FFF-19A6-48A8-B2F8-C4244C026D41}.Debug|Any CPU.ActiveCfg = Debug|Any CPU
		{80967FFF-19A6-48A8-B2F8-C4244C026D41}.Debug|Any CPU.Build.0 = Debug|Any CPU
		{80967FFF-19A6-48A8-B2F8-C4244C026D41}.Release|Any CPU.ActiveCfg = Release|Any CPU
		{80967FFF-19A6-48A8-B2F8-C4244C026D41}.Release|Any CPU.Build.0 = Release|Any CPU
		{29899C73-201F-4E3D-B11B-5DBBF95A8C41}.Debug|Any CPU.ActiveCfg = Debug|Any CPU
		{29899C73-201F-4E3D-B11B-5DBBF95A8C41}.Debug|Any CPU.Build.0 = Debug|Any CPU
		{29899C73-201F-4E3D-B11B-5DBBF95A8C41}.Release|Any CPU.ActiveCfg = Release|Any CPU
		{29899C73-201F-4E3D-B11B-5DBBF95A8C41}.Release|Any CPU.Build.0 = Release|Any CPU
		{B1F16CBE-6D99-4A8F-A306-6F770444B87C}.Debug|Any CPU.ActiveCfg = Debug|Any CPU
		{B1F16CBE-6D99-4A8F-A306-6F770444B87C}.Debug|Any CPU.Build.0 = Debug|Any CPU
		{B1F16CBE-6D99-4A8F-A306-6F770444B87C}.Release|Any CPU.ActiveCfg = Release|Any CPU
		{B1F16CBE-6D99-4A8F-A306-6F770444B87C}.Release|Any CPU.Build.0 = Release|Any CPU
	EndGlobalSection
	GlobalSection(SolutionProperties) = preSolution
		HideSolutionNode = FALSE
	EndGlobalSection
EndGlobal
